<?xml version="1.0" encoding="utf-8"?>
<Project ToolsVersion="4.0" xmlns="http://schemas.microsoft.com/developer/msbuild/2003">
  <ItemGroup>
    <ClCompile Include="dllmain.cpp" />
    <ClCompile Include="stdafx.cpp" />
  </ItemGroup>
  <ItemGroup>
    <ClInclude Include="NFS_XtendedInput_VKHash.h" />
    <ClInclude Include="NFS_XtendedInput_XInputConfig.h" />
    <ClInclude Include="stdafx.h" />
    <ClInclude Include="targetver.h" />
    <ClInclude Include="NFS_XtentedInput_ActionID.h" />
    <ClInclude Include="NFSMW_XtendedInput.h" />
    <ClInclude Include="NFS_XtendedInput_FEng.h" />
    <ClInclude Include="NFS_XtendedInput.h" />
    <ClInclude Include="NFS_XtendedInputButtons.h" />
    <ClInclude Include="NFSC_XtendedInput.h" />
    <ClInclude Include="NFSPS_XtendedInput.h" />
    <ClInclude Include="NFSUC_XtendedInput.h" />
    <ClInclude Include="NFSW_XtendedInput.h" />
  </ItemGroup>
  <ItemGroup>
    <None Include="README.md" />
  </ItemGroup>
</Project>