<?xml version="1.0" encoding="utf-8"?>
<Project ToolsVersion="4.0" xmlns="http://schemas.microsoft.com/developer/msbuild/2003">
  <ItemGroup>
    <ClCompile Include="dllmain.cpp" />
    <ClCompile Include="stdafx.cpp" />
  </ItemGroup>
  <ItemGroup>
    <ClInclude Include="NFS_XtendedInput_VKHash.h" />
    <ClInclude Include="NFS_XtendedInput_XInputConfig.h" />
    <ClInclude Include="stdafx.h" />
    <ClInclude Include="targetver.h" />
    <ClInclude Include="NFS_XtentedInput_ActionID.h" />
    <ClInclude Include="NFSMW_XtendedInput.h" />
    <ClInclude Include="NFS_XtendedInput_FEng.h" />
    <ClInclude Include="NFS_XtendedInput.h" />
    <ClInclude Include="NFS_XtendedInputButtons.h" />
    <ClInclude Include="NFSC_XtendedInput.h" />
    <ClInclude Include="NFSPS_XtendedInput.h" />
    <ClInclude Include="NFSUC_XtendedInput.h" />
    <ClInclude Include="NFSW_XtendedInput.h" />
  </ItemGroup>
  <ItemGroup>
    <None Include="README.md" />
    <None Include="Config-MW\NFS_XtendedInput.ini">
      <Filter>Config-MW</Filter>
    </None>
    <None Include="Config-Carbon\NFS_XtendedInput.ini">
      <Filter>Config-Carbon</Filter>
    </None>
    <None Include="Config-ProStreet\NFS_XtendedInput.ini">
      <Filter>Config-ProStreet</Filter>
    </None>
    <None Include="Config-UC\NFS_XtendedInput.ini">
      <Filter>Config-UC</Filter>
    </None>
    <None Include="Config-World\NFS_XtendedInput.ini">
      <Filter>Config-World</Filter>
    </None>
    <None Include="post-build\carbon.bat">
      <Filter>post-build</Filter>
    </None>
    <None Include="post-build\carbon_debug.bat">
      <Filter>post-build</Filter>
    </None>
    <None Include="post-build\mw.bat">
      <Filter>post-build</Filter>
    </None>
    <None Include="post-build\mw_debug.bat">
      <Filter>post-build</Filter>
    </None>
    <None Include="post-build\prostreet.bat">
      <Filter>post-build</Filter>
    </None>
    <None Include="post-build\prostreet_debug.bat">
      <Filter>post-build</Filter>
    </None>
    <None Include="post-build\uc.bat">
      <Filter>post-build</Filter>
    </None>
    <None Include="post-build\uc_debug.bat">
      <Filter>post-build</Filter>
    </None>
    <None Include="post-build\world.bat">
      <Filter>post-build</Filter>
    </None>
    <None Include="post-build\world_debug.bat">
      <Filter>post-build</Filter>
    </None>
  </ItemGroup>
  <ItemGroup>
    <Filter Include="Config-MW">
      <UniqueIdentifier>{f0576408-75ad-4d89-843a-3cc3ea68509a}</UniqueIdentifier>
    </Filter>
    <Filter Include="Config-Carbon">
      <UniqueIdentifier>{aa174bd9-fc93-4623-8735-0e94fa5df835}</UniqueIdentifier>
    </Filter>
    <Filter Include="Config-ProStreet">
      <UniqueIdentifier>{e071ac55-7df4-4759-89de-a2e900d9fee2}</UniqueIdentifier>
    </Filter>
    <Filter Include="Config-UC">
      <UniqueIdentifier>{40ec82e6-65d1-4ce2-8f9c-fbe5c54c0c55}</UniqueIdentifier>
    </Filter>
    <Filter Include="Config-World">
      <UniqueIdentifier>{4bb155ce-d2af-4e08-a1e0-a6697c053b00}</UniqueIdentifier>
    </Filter>
    <Filter Include="post-build">
      <UniqueIdentifier>{04169ee6-7f55-422e-8cc4-8bfce312e488}</UniqueIdentifier>
    </Filter>
  </ItemGroup>
  <ItemGroup>
    <Text Include="Config-MW\EventReference.txt">
      <Filter>Config-MW</Filter>
    </Text>
    <Text Include="Config-Carbon\EventReference.txt">
      <Filter>Config-Carbon</Filter>
    </Text>
    <Text Include="Config-ProStreet\EventReference.txt">
      <Filter>Config-ProStreet</Filter>
    </Text>
    <Text Include="Config-UC\EventReference.txt">
      <Filter>Config-UC</Filter>
    </Text>
    <Text Include="Config-World\EventReference.txt">
      <Filter>Config-World</Filter>
    </Text>
  </ItemGroup>
</Project>